// !$*UTF8*$!
{
	archiveVersion = 1;
	classes = {
	};
	objectVersion = 50;
	objects = {

/* Begin PBXBuildFile section */
		97E49AE022EF37AA002C12BC /* AppDelegate.m in Sources */ = {isa = PBXBuildFile; fileRef = 97E49ADF22EF37AA002C12BC /* AppDelegate.m */; };
		97E49AE322EF37AA002C12BC /* ViewController.m in Sources */ = {isa = PBXBuildFile; fileRef = 97E49AE222EF37AA002C12BC /* ViewController.m */; };
		97E49AE622EF37AA002C12BC /* Main.storyboard in Resources */ = {isa = PBXBuildFile; fileRef = 97E49AE422EF37AA002C12BC /* Main.storyboard */; };
		97E49AE822EF37AB002C12BC /* Assets.xcassets in Resources */ = {isa = PBXBuildFile; fileRef = 97E49AE722EF37AB002C12BC /* Assets.xcassets */; };
		97E49AEB22EF37AB002C12BC /* LaunchScreen.storyboard in Resources */ = {isa = PBXBuildFile; fileRef = 97E49AE922EF37AB002C12BC /* LaunchScreen.storyboard */; };
		97E49AEE22EF37AB002C12BC /* main.m in Sources */ = {isa = PBXBuildFile; fileRef = 97E49AED22EF37AB002C12BC /* main.m */; };
		AAF690F322EFDA5800369705 /* LocationManager.m in Sources */ = {isa = PBXBuildFile; fileRef = AAF690F222EFDA5800369705 /* LocationManager.m */; };
		AAF690F622EFE5C100369705 /* WTNotificationManager.m in Sources */ = {isa = PBXBuildFile; fileRef = AAF690F522EFE5C100369705 /* WTNotificationManager.m */; };
/* End PBXBuildFile section */

/* Begin PBXFileReference section */
		97E49ADB22EF37AA002C12BC /* LocationManager.app */ = {isa = PBXFileReference; explicitFileType = wrapper.application; includeInIndex = 0; path = LocationManager.app; sourceTree = BUILT_PRODUCTS_DIR; };
		97E49ADE22EF37AA002C12BC /* AppDelegate.h */ = {isa = PBXFileReference; lastKnownFileType = sourcecode.c.h; path = AppDelegate.h; sourceTree = "<group>"; };
		97E49ADF22EF37AA002C12BC /* AppDelegate.m */ = {isa = PBXFileReference; lastKnownFileType = sourcecode.c.objc; path = AppDelegate.m; sourceTree = "<group>"; };
		97E49AE122EF37AA002C12BC /* ViewController.h */ = {isa = PBXFileReference; lastKnownFileType = sourcecode.c.h; path = ViewController.h; sourceTree = "<group>"; };
		97E49AE222EF37AA002C12BC /* ViewController.m */ = {isa = PBXFileReference; lastKnownFileType = sourcecode.c.objc; path = ViewController.m; sourceTree = "<group>"; };
		97E49AE522EF37AA002C12BC /* Base */ = {isa = PBXFileReference; lastKnownFileType = file.storyboard; name = Base; path = Base.lproj/Main.storyboard; sourceTree = "<group>"; };
		97E49AE722EF37AB002C12BC /* Assets.xcassets */ = {isa = PBXFileReference; lastKnownFileType = folder.assetcatalog; path = Assets.xcassets; sourceTree = "<group>"; };
		97E49AEA22EF37AB002C12BC /* Base */ = {isa = PBXFileReference; lastKnownFileType = file.storyboard; name = Base; path = Base.lproj/LaunchScreen.storyboard; sourceTree = "<group>"; };
		97E49AEC22EF37AB002C12BC /* Info.plist */ = {isa = PBXFileReference; lastKnownFileType = text.plist.xml; path = Info.plist; sourceTree = "<group>"; };
		97E49AED22EF37AB002C12BC /* main.m */ = {isa = PBXFileReference; lastKnownFileType = sourcecode.c.objc; path = main.m; sourceTree = "<group>"; };
		AAF690F122EFDA5700369705 /* LocationManager.h */ = {isa = PBXFileReference; lastKnownFileType = sourcecode.c.h; path = LocationManager.h; sourceTree = "<group>"; };
		AAF690F222EFDA5800369705 /* LocationManager.m */ = {isa = PBXFileReference; lastKnownFileType = sourcecode.c.objc; path = LocationManager.m; sourceTree = "<group>"; };
		AAF690F422EFE5C100369705 /* WTNotificationManager.h */ = {isa = PBXFileReference; lastKnownFileType = sourcecode.c.h; path = WTNotificationManager.h; sourceTree = "<group>"; };
		AAF690F522EFE5C100369705 /* WTNotificationManager.m */ = {isa = PBXFileReference; lastKnownFileType = sourcecode.c.objc; path = WTNotificationManager.m; sourceTree = "<group>"; };
/* End PBXFileReference section */

/* Begin PBXFrameworksBuildPhase section */
		97E49AD822EF37AA002C12BC /* Frameworks */ = {
			isa = PBXFrameworksBuildPhase;
			buildActionMask = 2147483647;
			files = (
			);
			runOnlyForDeploymentPostprocessing = 0;
		};
/* End PBXFrameworksBuildPhase section */

/* Begin PBXGroup section */
		97E49AD222EF37AA002C12BC = {
			isa = PBXGroup;
			children = (
				97E49ADD22EF37AA002C12BC /* LocationManager */,
				97E49ADC22EF37AA002C12BC /* Products */,
			);
			sourceTree = "<group>";
		};
		97E49ADC22EF37AA002C12BC /* Products */ = {
			isa = PBXGroup;
			children = (
				97E49ADB22EF37AA002C12BC /* LocationManager.app */,
			);
			name = Products;
			sourceTree = "<group>";
		};
		97E49ADD22EF37AA002C12BC /* LocationManager */ = {
			isa = PBXGroup;
			children = (
				97E49ADE22EF37AA002C12BC /* AppDelegate.h */,
				97E49ADF22EF37AA002C12BC /* AppDelegate.m */,
				97E49AE122EF37AA002C12BC /* ViewController.h */,
				97E49AE222EF37AA002C12BC /* ViewController.m */,
				AAF690F122EFDA5700369705 /* LocationManager.h */,
				AAF690F222EFDA5800369705 /* LocationManager.m */,
				AAF690F422EFE5C100369705 /* WTNotificationManager.h */,
				AAF690F522EFE5C100369705 /* WTNotificationManager.m */,
				97E49AE422EF37AA002C12BC /* Main.storyboard */,
				97E49AE722EF37AB002C12BC /* Assets.xcassets */,
				97E49AE922EF37AB002C12BC /* LaunchScreen.storyboard */,
				97E49AEC22EF37AB002C12BC /* Info.plist */,
				97E49AED22EF37AB002C12BC /* main.m */,
			);
			path = LocationManager;
			sourceTree = "<group>";
		};
/* End PBXGroup section */

/* Begin PBXNativeTarget section */
		97E49ADA22EF37AA002C12BC /* LocationManager */ = {
			isa = PBXNativeTarget;
			buildConfigurationList = 97E49AF122EF37AB002C12BC /* Build configuration list for PBXNativeTarget "LocationManager" */;
			buildPhases = (
				97E49AD722EF37AA002C12BC /* Sources */,
				97E49AD822EF37AA002C12BC /* Frameworks */,
				97E49AD922EF37AA002C12BC /* Resources */,
			);
			buildRules = (
			);
			dependencies = (
			);
			name = LocationManager;
			productName = LocationManager;
			productReference = 97E49ADB22EF37AA002C12BC /* LocationManager.app */;
			productType = "com.apple.product-type.application";
		};
/* End PBXNativeTarget section */

/* Begin PBXProject section */
		97E49AD322EF37AA002C12BC /* Project object */ = {
			isa = PBXProject;
			attributes = {
				LastUpgradeCheck = 1030;
				ORGANIZATIONNAME = songwentao;
				TargetAttributes = {
					97E49ADA22EF37AA002C12BC = {
						CreatedOnToolsVersion = 10.3;
					};
				};
			};
			buildConfigurationList = 97E49AD622EF37AA002C12BC /* Build configuration list for PBXProject "LocationManager" */;
			compatibilityVersion = "Xcode 9.3";
			developmentRegion = en;
			hasScannedForEncodings = 0;
			knownRegions = (
				en,
				Base,
			);
			mainGroup = 97E49AD222EF37AA002C12BC;
			productRefGroup = 97E49ADC22EF37AA002C12BC /* Products */;
			projectDirPath = "";
			projectRoot = "";
			targets = (
				97E49ADA22EF37AA002C12BC /* LocationManager */,
			);
		};
/* End PBXProject section */

/* Begin PBXResourcesBuildPhase section */
		97E49AD922EF37AA002C12BC /* Resources */ = {
			isa = PBXResourcesBuildPhase;
			buildActionMask = 2147483647;
			files = (
				97E49AEB22EF37AB002C12BC /* LaunchScreen.storyboard in Resources */,
				97E49AE822EF37AB002C12BC /* Assets.xcassets in Resources */,
				97E49AE622EF37AA002C12BC /* Main.storyboard in Resources */,
			);
			runOnlyForDeploymentPostprocessing = 0;
		};
/* End PBXResourcesBuildPhase section */

/* Begin PBXSourcesBuildPhase section */
		97E49AD722EF37AA002C12BC /* Sources */ = {
			isa = PBXSourcesBuildPhase;
			buildActionMask = 2147483647;
			files = (
				AAF690F322EFDA5800369705 /* LocationManager.m in Sources */,
				AAF690F622EFE5C100369705 /* WTNotificationManager.m in Sources */,
				97E49AE322EF37AA002C12BC /* ViewController.m in Sources */,
				97E49AEE22EF37AB002C12BC /* main.m in Sources */,
				97E49AE022EF37AA002C12BC /* AppDelegate.m in Sources */,
			);
			runOnlyForDeploymentPostprocessing = 0;
		};
/* End PBXSourcesBuildPhase section */

/* Begin PBXVariantGroup section */
		97E49AE422EF37AA002C12BC /* Main.storyboard */ = {
			isa = PBXVariantGroup;
			children = (
				97E49AE522EF37AA002C12BC /* Base */,
			);
			name = Main.storyboard;
			sourceTree = "<group>";
		};
		97E49AE922EF37AB002C12BC /* LaunchScreen.storyboard */ = {
			isa = PBXVariantGroup;
			children = (
				97E49AEA22EF37AB002C12BC /* Base */,
			);
			name = LaunchScreen.storyboard;
			sourceTree = "<group>";
		};
/* End PBXVariantGroup section */

/* Begin XCBuildConfiguration section */
		97E49AEF22EF37AB002C12BC /* Debug */ = {
			isa = XCBuildConfiguration;
			buildSettings = {
				ALWAYS_SEARCH_USER_PATHS = NO;
				CLANG_ANALYZER_NONNULL = YES;
				CLANG_ANALYZER_NUMBER_OBJECT_CONVERSION = YES_AGGRESSIVE;
				CLANG_CXX_LANGUAGE_STANDARD = "gnu++14";
				CLANG_CXX_LIBRARY = "libc++";
				CLANG_ENABLE_MODULES = YES;
				CLANG_ENABLE_OBJC_ARC = YES;
				CLANG_ENABLE_OBJC_WEAK = YES;
				CLANG_WARN_BLOCK_CAPTURE_AUTORELEASING = YES;
				CLANG_WARN_BOOL_CONVERSION = YES;
				CLANG_WARN_COMMA = YES;
				CLANG_WARN_CONSTANT_CONVERSION = YES;
				CLANG_WARN_DEPRECATED_OBJC_IMPLEMENTATIONS = YES;
				CLANG_WARN_DIRECT_OBJC_ISA_USAGE = YES_ERROR;
				CLANG_WARN_DOCUMENTATION_COMMENTS = YES;
				CLANG_WARN_EMPTY_BODY = YES;
				CLANG_WARN_ENUM_CONVERSION = YES;
				CLANG_WARN_INFINITE_RECURSION = YES;
				CLANG_WARN_INT_CONVERSION = YES;
				CLANG_WARN_NON_LITERAL_NULL_CONVERSION = YES;
				CLANG_WARN_OBJC_IMPLICIT_RETAIN_SELF = YES;
				CLANG_WARN_OBJC_LITERAL_CONVERSION = YES;
				CLANG_WARN_OBJC_ROOT_CLASS = YES_ERROR;
				CLANG_WARN_RANGE_LOOP_ANALYSIS = YES;
				CLANG_WARN_STRICT_PROTOTYPES = YES;
				CLANG_WARN_SUSPICIOUS_MOVE = YES;
				CLANG_WARN_UNGUARDED_AVAILABILITY = YES_AGGRESSIVE;
				CLANG_WARN_UNREACHABLE_CODE = YES;
				CLANG_WARN__DUPLICATE_METHOD_MATCH = YES;
				CODE_SIGN_IDENTITY = "iPhone Developer";
				COPY_PHASE_STRIP = NO;
				DEBUG_INFORMATION_FORMAT = dwarf;
				ENABLE_STRICT_OBJC_MSGSEND = YES;
				ENABLE_TESTABILITY = YES;
				GCC_C_LANGUAGE_STANDARD = gnu11;
				GCC_DYNAMIC_NO_PIC = NO;
				GCC_NO_COMMON_BLOCKS = YES;
				GCC_OPTIMIZATION_LEVEL = 0;
				GCC_PREPROCESSOR_DEFINITIONS = (
					"DEBUG=1",
					"$(inherited)",
				);
				GCC_WARN_64_TO_32_BIT_CONVERSION = YES;
				GCC_WARN_ABOUT_RETURN_TYPE = YES_ERROR;
				GCC_WARN_UNDECLARED_SELECTOR = YES;
				GCC_WARN_UNINITIALIZED_AUTOS = YES_AGGRESSIVE;
				GCC_WARN_UNUSED_FUNCTION = YES;
				GCC_WARN_UNUSED_VARIABLE = YES;
				IPHONEOS_DEPLOYMENT_TARGET = 12.4;
				MTL_ENABLE_DEBUG_INFO = INCLUDE_SOURCE;
				MTL_FAST_MATH = YES;
				ONLY_ACTIVE_ARCH = YES;
				SDKROOT = iphoneos;
			};
			name = Debug;
		};
		97E49AF022EF37AB002C12BC /* Release */ = {
			isa = XCBuildConfiguration;
			buildSettings = {
				ALWAYS_SEARCH_USER_PATHS = NO;
				CLANG_ANALYZER_NONNULL = YES;
				CLANG_ANALYZER_NUMBER_OBJECT_CONVERSION = YES_AGGRESSIVE;
				CLANG_CXX_LANGUAGE_STANDARD = "gnu++14";
				CLANG_CXX_LIBRARY = "libc++";
				CLANG_ENABLE_MODULES = YES;
				CLANG_ENABLE_OBJC_ARC = YES;
				CLANG_ENABLE_OBJC_WEAK = YES;
				CLANG_WARN_BLOCK_CAPTURE_AUTORELEASING = YES;
				CLANG_WARN_BOOL_CONVERSION = YES;
				CLANG_WARN_COMMA = YES;
				CLANG_WARN_CONSTANT_CONVERSION = YES;
				CLANG_WARN_DEPRECATED_OBJC_IMPLEMENTATIONS = YES;
				CLANG_WARN_DIRECT_OBJC_ISA_USAGE = YES_ERROR;
				CLANG_WARN_DOCUMENTATION_COMMENTS = YES;
				CLANG_WARN_EMPTY_BODY = YES;
				CLANG_WARN_ENUM_CONVERSION = YES;
				CLANG_WARN_INFINITE_RECURSION = YES;
				CLANG_WARN_INT_CONVERSION = YES;
				CLANG_WARN_NON_LITERAL_NULL_CONVERSION = YES;
				CLANG_WARN_OBJC_IMPLICIT_RETAIN_SELF = YES;
				CLANG_WARN_OBJC_LITERAL_CONVERSION = YES;
				CLANG_WARN_OBJC_ROOT_CLASS = YES_ERROR;
				CLANG_WARN_RANGE_LOOP_ANALYSIS = YES;
				CLANG_WARN_STRICT_PROTOTYPES = YES;
				CLANG_WARN_SUSPICIOUS_MOVE = YES;
				CLANG_WARN_UNGUARDED_AVAILABILITY = YES_AGGRESSIVE;
				CLANG_WARN_UNREACHABLE_CODE = YES;
				CLANG_WARN__DUPLICATE_METHOD_MATCH = YES;
				CODE_SIGN_IDENTITY = "iPhone Developer";
				COPY_PHASE_STRIP = NO;
				DEBUG_INFORMATION_FORMAT = "dwarf-with-dsym";
				ENABLE_NS_ASSERTIONS = NO;
				ENABLE_STRICT_OBJC_MSGSEND = YES;
				GCC_C_LANGUAGE_STANDARD = gnu11;
				GCC_NO_COMMON_BLOCKS = YES;
				GCC_WARN_64_TO_32_BIT_CONVERSION = YES;
				GCC_WARN_ABOUT_RETURN_TYPE = YES_ERROR;
				GCC_WARN_UNDECLARED_SELECTOR = YES;
				GCC_WARN_UNINITIALIZED_AUTOS = YES_AGGRESSIVE;
				GCC_WARN_UNUSED_FUNCTION = YES;
				GCC_WARN_UNUSED_VARIABLE = YES;
				IPHONEOS_DEPLOYMENT_TARGET = 12.4;
				MTL_ENABLE_DEBUG_INFO = NO;
				MTL_FAST_MATH = YES;
				SDKROOT = iphoneos;
				VALIDATE_PRODUCT = YES;
			};
			name = Release;
		};
		97E49AF222EF37AB002C12BC /* Debug */ = {
			isa = XCBuildConfiguration;
			buildSettings = {
				ASSETCATALOG_COMPILER_APPICON_NAME = AppIcon;
				CODE_SIGN_STYLE = Automatic;
				DEVELOPMENT_TEAM = 2RMKX34R4M;
				INFOPLIST_FILE = LocationManager/Info.plist;
				LD_RUNPATH_SEARCH_PATHS = (
					"$(inherited)",
					"@executable_path/Frameworks",
				);
				PRODUCT_BUNDLE_IDENTIFIER = com.tao.tt.LocationManager;
				PRODUCT_NAME = "$(TARGET_NAME)";
				TARGETED_DEVICE_FAMILY = "1,2";
			};
			name = Debug;
		};
		97E49AF322EF37AB002C12BC /* Release */ = {
			isa = XCBuildConfiguration;
			buildSettings = {
				ASSETCATALOG_COMPILER_APPICON_NAME = AppIcon;
				CODE_SIGN_STYLE = Automatic;
				DEVELOPMENT_TEAM = 2RMKX34R4M;
				INFOPLIST_FILE = LocationManager/Info.plist;
				LD_RUNPATH_SEARCH_PATHS = (
					"$(inherited)",
					"@executable_path/Frameworks",
				);
				PRODUCT_BUNDLE_IDENTIFIER = com.tao.tt.LocationManager;
				PRODUCT_NAME = "$(TARGET_NAME)";
				TARGETED_DEVICE_FAMILY = "1,2";
			};
			name = Release;
		};
/* End XCBuildConfiguration section */

/* Begin XCConfigurationList section */
		97E49AD622EF37AA002C12BC /* Build configuration list for PBXProject "LocationManager" */ = {
			isa = XCConfigurationList;
			buildConfigurations = (
				97E49AEF22EF37AB002C12BC /* Debug */,
				97E49AF022EF37AB002C12BC /* Release */,
			);
			defaultConfigurationIsVisible = 0;
			defaultConfigurationName = Release;
		};
		97E49AF122EF37AB002C12BC /* Build configuration list for PBXNativeTarget "LocationManager" */ = {
			isa = XCConfigurationList;
			buildConfigurations = (
				97E49AF222EF37AB002C12BC /* Debug */,
				97E49AF322EF37AB002C12BC /* Release */,
			);
			defaultConfigurationIsVisible = 0;
			defaultConfigurationName = Release;
		};
/* End XCConfigurationList section */
	};
	rootObject = 97E49AD322EF37AA002C12BC /* Project object */;
}
